{
  "lockfileVersion": 1,
  "configVersion": 1,
  "workspaces": {
    "": {
      "name": "cinder-tmcp",
      "dependencies": {
        "@tmcp/adapter-valibot": "^0.1.6",
        "@tmcp/auth": "^0.4.1",
        "@tmcp/transport-http": "^0.8.6",
        "@tmcp/transport-sse": "^0.5.5",
        "@tmcp/transport-stdio": "^0.4.3",
        "srvx": "^0.11.22",
        "tmcp": "^1.19.4",
        "valibot": "^1.4.2",
      },
      "devDependencies": {
        "@types/bun": "^1.2.0",
        "@types/node": "^24.0.15",
        "typescript": "^5.7.0",
      },
    },
  },
  "packages": {
    "@standard-schema/spec": ["@standard-schema/spec@1.1.0", "", {}, "sha512-l2aFy5jALhniG5HgqrD6jXLi/rUWrKvqN/qJx6yoJsgKhblVd+iqqU4RCXavm/jPityDo5TCvKMnpjKnOriy0w=="],

    "@tmcp/adapter-valibot": ["@tmcp/adapter-valibot@0.1.6", "", { "dependencies": { "@standard-schema/spec": "^1.0.0", "@valibot/to-json-schema": "^1.3.0", "valibot": "^1.1.0" }, "peerDependencies": { "tmcp": "^1.17.0" } }, "sha512-drirZeNinhYLiRSMksN+m//u0ImFxtGRk1Vp425Xp/7CbBXFQdjAG+f7grssyHAukbVTGzmWsMMP6ejrGVErUA=="],

    "@tmcp/auth": ["@tmcp/auth@0.4.1", "", { "dependencies": { "@standard-schema/spec": "^1.0.0", "@types/json-schema": "^7.0.15", "pkce-challenge": "^5.0.0", "valibot": "^1.1.0" }, "peerDependencies": { "tmcp": "^1.17.0" } }, "sha512-yqRCGmUNe+3CZ4hyMs00KsUzne04XAGQ2Qy2Z+zNm4CVIqRodTEUolgX0D9PCFirYa3IGWXeqzGJun33/f+zhQ=="],

    "@tmcp/session-manager": ["@tmcp/session-manager@0.2.2", "", { "peerDependencies": { "tmcp": "^1.16.3" } }, "sha512-UrCRpTsxh5XnMbplspvftEYboiZWgAiXqqAUbyFTHoHMJ0LoNDy8bQd0+7qtxtT4S5Qsnv650gvs/Nbec5NTCQ=="],

    "@tmcp/transport-http": ["@tmcp/transport-http@0.8.6", "", { "dependencies": { "@tmcp/session-manager": "^0.2.2", "esm-env": "^1.2.2" }, "peerDependencies": { "@tmcp/auth": "^0.3.3 || ^0.4.0", "tmcp": "^1.18.0" }, "optionalPeers": ["@tmcp/auth"] }, "sha512-iLcxu+tEMbkVHbhFfyXQhxfPDDTfm+F0kEw8Xg/a1rm29s4cBg1vwcpbtk02XTxsdDh8RJ1AZkQwF9WDGeb/IA=="],

    "@tmcp/transport-sse": ["@tmcp/transport-sse@0.5.5", "", { "dependencies": { "@tmcp/session-manager": "^0.2.2", "esm-env": "^1.2.2" }, "peerDependencies": { "@tmcp/auth": "^0.3.3 || ^0.4.0", "tmcp": "^1.18.0" }, "optionalPeers": ["@tmcp/auth"] }, "sha512-M5ONCTHCU3BFbOOEwAWFWjS3EwDYJb5zr3v4fEym54fKal1dEXv5WH/tuOzCbc2lgzUfn/7ub5LffDwJwjfrcQ=="],

    "@tmcp/transport-stdio": ["@tmcp/transport-stdio@0.4.3", "", { "peerDependencies": { "tmcp": "^1.16.3" } }, "sha512-chdmSwk7PSXjkaQId2OAY8ZMFrTFWwckfCyXJuw6b6WFK9IMK95EoU2VDFioybcmawuQox0MNPM5R2DVxlptoA=="],

    "@types/bun": ["@types/bun@1.3.14", "", { "dependencies": { "bun-types": "1.3.14" } }, "sha512-h1hFqFVcvAvD9j9K7ZW7vd82aSA+rTdznZa+5bwvCwqSB1jmmfLcbIWhOLx1/+boy/xmjgCs/OMUL8hRJSmnPw=="],

    "@types/json-schema": ["@types/json-schema@7.0.15", "", {}, "sha512-5+fP8P8MFNC+AyZCDxrB2pkZFPGzqQWUzpSeuuVLvm8VMcorNYavBqoFcxK8bQz4Qsbn4oUEEem4wDLfcysGHA=="],

    "@types/node": ["@types/node@24.13.3", "", { "dependencies": { "undici-types": "~7.18.0" } }, "sha512-Dh8vAsV36ig5wa9OX4pXvMc9D3Veibfw2wix0CUwYODLD8nkj9UsLjASr49nPg+2eKzxhBV+v7L8pXvT4e639Q=="],

    "@valibot/to-json-schema": ["@valibot/to-json-schema@1.7.1", "", { "peerDependencies": { "valibot": "^1.4.0" } }, "sha512-3qkmU6KXWh8GIThEAW3kuRHPQBMjWkKy+Ppz3WkUucx53DTpOa6siMn4xDGSOhlVyMrDaJTCTMLYPZVAIk1P0A=="],

    "bun-types": ["bun-types@1.3.14", "", { "dependencies": { "@types/node": "*" } }, "sha512-4N0ig0fEomHt5R0KCFWjovxow98rIoRwKolrYdCcknNwMekCXRnWEUvgu5soYV8QXtVsrUD8B95MBOZGPvr6KQ=="],

    "esm-env": ["esm-env@1.2.2", "", {}, "sha512-Epxrv+Nr/CaL4ZcFGPJIYLWFom+YeV1DqMLHJoEd9SYRxNbaFruBwfEX/kkHUJf55j2+TUbmDcmuilbP1TmXHA=="],

    "json-rpc-2.0": ["json-rpc-2.0@1.7.1", "", {}, "sha512-JqZjhjAanbpkXIzFE7u8mE/iFblawwlXtONaCvRqI+pyABVz7B4M1EUNpyVW+dZjqgQ2L5HFmZCmOCgUKm00hg=="],

    "pkce-challenge": ["pkce-challenge@5.0.1", "", {}, "sha512-wQ0b/W4Fr01qtpHlqSqspcj3EhBvimsdh0KlHhH8HRZnMsEa0ea2fTULOXOS9ccQr3om+GcGRk4e+isrZWV8qQ=="],

    "sqids": ["sqids@0.3.0", "", {}, "sha512-lOQK1ucVg+W6n3FhRwwSeUijxe93b51Bfz5PMRMihVf1iVkl82ePQG7V5vwrhzB11v0NtsR25PSZRGiSomJaJw=="],

    "srvx": ["srvx@0.11.22", "", { "bin": { "srvx": "bin/srvx.mjs" } }, "sha512-LqZxxBDMKuMAZzFzJnDCkFOrs9MZQZr0LvHiO/SuSZVdQaXD7xQ5UWTUxheJrQPve1qk9MG2B/yttUvJxw8egQ=="],

    "tmcp": ["tmcp@1.19.4", "", { "dependencies": { "@standard-schema/spec": "^1.0.0", "json-rpc-2.0": "^1.7.1", "sqids": "^0.3.0", "uri-template-matcher": "^1.1.1", "valibot": "^1.1.0" } }, "sha512-fMoUJ3Gef9iA0yKZNeW2SQCCKTluCwghUyOz/qxPS8XxrQk6Jlw4lgql3S+s6L//FteLeSJ7erKxMWl727mZoQ=="],

    "typescript": ["typescript@5.9.3", "", { "bin": { "tsc": "bin/tsc", "tsserver": "bin/tsserver" } }, "sha512-jl1vZzPDinLr9eUt3J/t7V6FgNEw9QjvBPdysz9KfQDD41fQrC2Y4vKQdiaUpFT4bXlb1RHhLpp8wtm6M5TgSw=="],

    "undici-types": ["undici-types@7.18.2", "", {}, "sha512-AsuCzffGHJybSaRrmr5eHr81mwJU3kjw6M+uprWvCXiNeN9SOGwQ3Jn8jb8m3Z6izVgknn1R0FTCEAP2QrLY/w=="],

    "uri-template-matcher": ["uri-template-matcher@1.1.2", "", {}, "sha512-uZc1h12jdO3m/R77SfTEOuo6VbMhgWznaawKpBjRGSJb7i91x5PgI37NQJtG+Cerxkk0yr1pylBY2qG1kQ+aEQ=="],

    "valibot": ["valibot@1.4.2", "", { "peerDependencies": { "typescript": ">=5" }, "optionalPeers": ["typescript"] }, "sha512-gjdCvJ6d3RyHAneqxMYMW9QMCwYMb3jpOO0IyHZV1bnRHFBHrX3VkIILt5XYR0WhwHiH7Mty8ovuPZ/O3gamrg=="],
  }
}
